
Microsoft Visual Studio Solution File, Format Version 12.00
Project("{FAE04EC0-301F-11D3-BF4B-00C04F79EFBC}") = "GenericStackTask", "GenericStackTask\GenericStackTask.csproj", "{75FFA224-F7DE-4459-BDFF-C3A2727E3820}"
EndProject
Project("{FAE04EC0-301F-11D3-BF4B-00C04F79EFBC}") = "GeneticStackTask.Tests", "GeneticStackTask.Tests\GeneticStackTask.Tests.csproj", "{7E36F971-B5EB-469A-9F5B-B394E4E88F4F}"
EndProject
Global
	GlobalSection(SolutionConfigurationPlatforms) = preSolution
		Debug|Any CPU = Debug|Any CPU
		Release|Any CPU = Release|Any CPU
	EndGlobalSection
	GlobalSection(ProjectConfigurationPlatforms) = postSolution
		{75FFA224-F7DE-4459-BDFF-C3A2727E3820}.Debug|Any CPU.ActiveCfg = Debug|Any CPU
		{75FFA224-F7DE-4459-BDFF-C3A2727E3820}.Debug|Any CPU.Build.0 = Debug|Any CPU
		{75FFA224-F7DE-4459-BDFF-C3A2727E3820}.Release|Any CPU.ActiveCfg = Release|Any CPU
		{75FFA224-F7DE-4459-BDFF-C3A2727E3820}.Release|Any CPU.Build.0 = Release|Any CPU
		{7E36F971-B5EB-469A-9F5B-B394E4E88F4F}.Debug|Any CPU.ActiveCfg = Debug|Any CPU
		{7E36F971-B5EB-469A-9F5B-B394E4E88F4F}.Debug|Any CPU.Build.0 = Debug|Any CPU
		{7E36F971-B5EB-469A-9F5B-B394E4E88F4F}.Release|Any CPU.ActiveCfg = Release|Any CPU
		{7E36F971-B5EB-469A-9F5B-B394E4E88F4F}.Release|Any CPU.Build.0 = Release|Any CPU
	EndGlobalSection
EndGlobal
